<?xml version="1.0" encoding="utf-8"?>
<configuration>
    <appSettings>
        <clear />
        <add key="File.Version" value="1" />
        <add key="Mcu.Name" value="STM32F103C(8-B)Tx" />
        <add key="Mcu.Family" value="STM32F1" />
        <add key="Mcu.Package" value="LQFP48" />
        <add key="Mcu.PinsNb" value="15" />
        <add key="Mcu.Pin0" value="PA0-WKUP" />
        <add key="PA0-WKUP.Signal" value="GPIO_Input" />
        <add key="PA0-WKUP.GPIO_Mode" value="GPIO_Mode_IPD" />
        <add key="PA0-WKUP.GPIOParameters" value="GPIO_Mode" />
        <add key="Mcu.Pin1" value="PA2" />
        <add key="PA2.Mode" value="Asynchronous" />
        <add key="PA2.Signal" value="USART2_TX" />
        <add key="PA2.GPIO_Mode" value="GPIO_Mode_AF_PP" />
        <add key="PA2.GPIO_Speed" value="GPIO_Speed_2MHz" />
        <add key="PA2.GPIOParameters" value="GPIO_Mode,GPIO_Speed" />
        <add key="Mcu.Pin2" value="PA3" />
        <add key="PA3.Mode" value="Asynchronous" />
        <add key="PA3.Signal" value="USART2_RX" />
        <add key="PA3.GPIO_Mode" value="GPIO_Mode_IN_FLOATING" />
        <add key="PA3.GPIO_Speed" value="GPIO_Speed_2MHz" />
        <add key="PA3.GPIOParameters" value="GPIO_Mode,GPIO_Speed" />
        <add key="Mcu.Pin3" value="PA5" />
        <add key="PA5.Mode" value="IN5" />
        <add key="PA5.Signal" value="ADC1_IN5" />
        <add key="Mcu.Pin4" value="PA7" />
        <add key="PA7.Signal" value="GPIO_Output" />
        <add key="PA7.GPIO_Mode" value="GPIO_Mode_Out_OD" />
        <add key="PA7.GPIO_Speed" value="GPIO_Speed_50MHz" />
        <add key="PA7.GPIOParameters" value="GPIO_Mode,GPIO_Speed" />
        <add key="Mcu.Pin5" value="PB0" />
        <add key="PB0.Signal" value="GPIO_Output" />
        <add key="PB0.GPIO_Mode" value="GPIO_Mode_Out_OD" />
        <add key="PB0.GPIO_Speed" value="GPIO_Speed_50MHz" />
        <add key="PB0.GPIOParameters" value="GPIO_Mode,GPIO_Speed" />
        <add key="Mcu.Pin6" value="PB1" />
        <add key="PB1.Signal" value="GPIO_Output" />
        <add key="PB1.GPIO_Mode" value="GPIO_Mode_Out_OD" />
        <add key="PB1.GPIO_Speed" value="GPIO_Speed_50MHz" />
        <add key="PB1.GPIOParameters" value="GPIO_Mode,GPIO_Speed" />
        <add key="Mcu.Pin7" value="PB10" />
        <add key="PB10.Mode" value="Asynchronous" />
        <add key="PB10.Signal" value="USART3_TX" />
        <add key="PB10.GPIO_Mode" value="GPIO_Mode_AF_PP" />
        <add key="PB10.GPIO_Speed" value="GPIO_Speed_2MHz" />
        <add key="PB10.GPIOParameters" value="GPIO_Mode,GPIO_Speed" />
        <add key="Mcu.Pin8" value="PB11" />
        <add key="PB11.Mode" value="Asynchronous" />
        <add key="PB11.Signal" value="USART3_RX" />
        <add key="PB11.GPIO_Mode" value="GPIO_Mode_IN_FLOATING" />
        <add key="PB11.GPIO_Speed" value="GPIO_Speed_2MHz" />
        <add key="PB11.GPIOParameters" value="GPIO_Mode,GPIO_Speed" />
        <add key="Mcu.Pin9" value="PB12" />
        <add key="PB12.Signal" value="GPIO_Input" />
        <add key="PB12.GPIO_Mode" value="GPIO_Mode_IPD" />
        <add key="PB12.GPIOParameters" value="GPIO_Mode" />
        <add key="Mcu.Pin10" value="PA9" />
        <add key="PA9.Mode" value="Asynchronous" />
        <add key="PA9.Signal" value="USART1_TX" />
        <add key="PA9.GPIO_Mode" value="GPIO_Mode_AF_PP" />
        <add key="PA9.GPIO_Speed" value="GPIO_Speed_2MHz" />
        <add key="PA9.GPIOParameters" value="GPIO_Mode,GPIO_Speed" />
        <add key="Mcu.Pin11" value="PA10" />
        <add key="PA10.Mode" value="Asynchronous" />
        <add key="PA10.Signal" value="USART1_RX" />
        <add key="PA10.GPIO_Mode" value="GPIO_Mode_IN_FLOATING" />
        <add key="PA10.GPIO_Speed" value="GPIO_Speed_2MHz" />
        <add key="PA10.GPIOParameters" value="GPIO_Mode,GPIO_Speed" />
        <add key="Mcu.Pin12" value="PA11" />
        <add key="PA11.Signal" value="GPIO_Input" />
        <add key="PA11.GPIO_Mode" value="GPIO_Mode_IN_FLOATING" />
        <add key="PA11.GPIOParameters" value="GPIO_Mode" />
        <add key="Mcu.Pin13" value="PB3" />
        <add key="PB3.Signal" value="GPIO_Input" />
        <add key="PB3.GPIO_Mode" value="GPIO_Mode_IN_FLOATING" />
        <add key="PB3.GPIOParameters" value="GPIO_Mode" />
        <add key="Mcu.Pin14" value="PB9" />
        <add key="PB9.Signal" value="GPIO_Input" />
        <add key="PB9.GPIO_Mode" value="GPIO_Mode_IPD" />
        <add key="PB9.GPIOParameters" value="GPIO_Mode" />
        <add key="Mcu.IPNb" value="4" />
        <add key="Mcu.IP0" value="ADC1" />
        <add key="Mcu.IP1" value="USART1" />
        <add key="Mcu.IP2" value="USART2" />
        <add key="Mcu.IP3" value="USART3" />
        <add key="KeepUserPlacement" value="True" />
    </appSettings>
</configuration>