<?xml version="1.0" encoding="utf-8"?>
<configuration>
    <appSettings>
        <clear />
        <add key="File.Version" value="1" />
        <add key="Mcu.Name" value="STM32F103V(C-D-E)Tx" />
        <add key="Mcu.Family" value="STM32F1" />
        <add key="Mcu.Package" value="LQFP100" />
        <add key="Mcu.PinsNb" value="16" />
        <add key="Mcu.Pin0" value="PA5" />
        <add key="PA5.Mode" value="Full-Duplex-Master" />
        <add key="PA5.Signal" value="SPI1_SCK" />
        <add key="PA5.GPIO_Mode" value="GPIO_Mode_AF_PP" />
        <add key="PA5.GPIO_Speed" value="GPIO_Speed_2MHz" />
        <add key="PA5.GPIOParameters" value="GPIO_Mode,GPIO_Speed" />
        <add key="Mcu.Pin1" value="PA6" />
        <add key="PA6.Mode" value="Full-Duplex-Master" />
        <add key="PA6.Signal" value="SPI1_MISO" />
        <add key="PA6.GPIO_Mode" value="GPIO_Mode_AF_PP" />
        <add key="PA6.GPIO_Speed" value="GPIO_Speed_2MHz" />
        <add key="PA6.GPIOParameters" value="GPIO_Mode,GPIO_Speed" />
        <add key="Mcu.Pin2" value="PA7" />
        <add key="PA7.Mode" value="Full-Duplex-Master" />
        <add key="PA7.Signal" value="SPI1_MOSI" />
        <add key="PA7.GPIO_Mode" value="GPIO_Mode_AF_PP" />
        <add key="PA7.GPIO_Speed" value="GPIO_Speed_2MHz" />
        <add key="PA7.GPIOParameters" value="GPIO_Mode,GPIO_Speed" />
        <add key="Mcu.Pin3" value="PD12" />
        <add key="PD12.Signal" value="GPIO_Output" />
        <add key="PD12.GPIO_Mode" value="GPIO_Mode_Out_PP" />
        <add key="PD12.GPIO_Speed" value="GPIO_Speed_2MHz" />
        <add key="PD12.GPIOParameters" value="GPIO_Mode,GPIO_Speed" />
        <add key="Mcu.Pin4" value="PD13" />
        <add key="PD13.Signal" value="GPIO_Output" />
        <add key="PD13.GPIO_Mode" value="GPIO_Mode_Out_PP" />
        <add key="PD13.GPIO_Speed" value="GPIO_Speed_2MHz" />
        <add key="PD13.GPIOParameters" value="GPIO_Mode,GPIO_Speed" />
        <add key="Mcu.Pin5" value="PD14" />
        <add key="PD14.Signal" value="GPIO_Output" />
        <add key="PD14.GPIO_Mode" value="GPIO_Mode_Out_PP" />
        <add key="PD14.GPIO_Speed" value="GPIO_Speed_2MHz" />
        <add key="PD14.GPIOParameters" value="GPIO_Mode,GPIO_Speed" />
        <add key="Mcu.Pin6" value="PD15" />
        <add key="PD15.Signal" value="GPIO_Output" />
        <add key="PD15.GPIO_Mode" value="GPIO_Mode_Out_PP" />
        <add key="PD15.GPIO_Speed" value="GPIO_Speed_2MHz" />
        <add key="PD15.GPIOParameters" value="GPIO_Mode,GPIO_Speed" />
        <add key="Mcu.Pin7" value="PA8" />
        <add key="PA8.Mode" value="Clock-out" />
        <add key="PA8.Signal" value="SYS_MCO" />
        <add key="PA8.GPIO_Mode" value="GPIO_Mode_AF_PP" />
        <add key="PA8.GPIO_Speed" value="GPIO_Speed_50MHz" />
        <add key="PA8.GPIOParameters" value="GPIO_Mode,GPIO_Speed" />
        <add key="Mcu.Pin8" value="PA10" />
        <add key="PA10.Signal" value="GPIO_Output" />
        <add key="PA10.GPIO_Mode" value="GPIO_Mode_Out_OD" />
        <add key="PA10.GPIO_Speed" value="GPIO_Speed_2MHz" />
        <add key="PA10.GPIOParameters" value="GPIO_Mode,GPIO_Speed" />
        <add key="Mcu.Pin9" value="PC10" />
        <add key="PC10.Mode" value="Asynchronous" />
        <add key="PC10.Signal" value="USART3_TX" />
        <add key="PC10.GPIO_Mode" value="GPIO_Mode_AF_PP" />
        <add key="PC10.GPIO_Speed" value="GPIO_Speed_50MHz" />
        <add key="PC10.GPIOParameters" value="GPIO_Mode,GPIO_Speed" />
        <add key="Mcu.Pin10" value="PC11" />
        <add key="PC11.Mode" value="Asynchronous" />
        <add key="PC11.Signal" value="USART3_RX" />
        <add key="PC11.GPIO_Mode" value="GPIO_Mode_IN_FLOATING" />
        <add key="PC11.GPIO_Speed" value="GPIO_Speed_2MHz" />
        <add key="PC11.GPIOParameters" value="GPIO_Mode,GPIO_Speed" />
        <add key="Mcu.Pin11" value="PB5" />
        <add key="PB5.Signal" value="GPIO_Output" />
        <add key="PB5.GPIO_Mode" value="GPIO_Mode_Out_PP" />
        <add key="PB5.GPIO_Speed" value="GPIO_Speed_2MHz" />
        <add key="PB5.GPIOParameters" value="GPIO_Mode,GPIO_Speed" />
        <add key="Mcu.Pin12" value="PB6" />
        <add key="PB6.Mode" value="Asynchronous" />
        <add key="PB6.Signal" value="USART1_TX" />
        <add key="PB6.GPIO_Mode" value="GPIO_Mode_AF_PP" />
        <add key="PB6.GPIO_Speed" value="GPIO_Speed_50MHz" />
        <add key="PB6.GPIOParameters" value="GPIO_Mode,GPIO_Speed" />
        <add key="Mcu.Pin13" value="PB7" />
        <add key="PB7.Mode" value="Asynchronous" />
        <add key="PB7.Signal" value="USART1_RX" />
        <add key="PB7.GPIO_Mode" value="GPIO_Mode_IN_FLOATING" />
        <add key="PB7.GPIO_Speed" value="GPIO_Speed_2MHz" />
        <add key="PB7.GPIOParameters" value="GPIO_Mode,GPIO_Speed" />
        <add key="Mcu.Pin14" value="PB8" />
        <add key="PB8.Mode" value="I2C" />
        <add key="PB8.Signal" value="I2C1_SCL" />
        <add key="PB8.GPIO_Mode" value="GPIO_Mode_AF_OD" />
        <add key="PB8.GPIO_Speed" value="GPIO_Speed_2MHz" />
        <add key="PB8.GPIOParameters" value="GPIO_Mode,GPIO_Speed" />
        <add key="Mcu.Pin15" value="PB9" />
        <add key="PB9.Mode" value="I2C" />
        <add key="PB9.Signal" value="I2C1_SDA" />
        <add key="PB9.GPIO_Mode" value="GPIO_Mode_AF_OD" />
        <add key="PB9.GPIO_Speed" value="GPIO_Speed_2MHz" />
        <add key="PB9.GPIOParameters" value="GPIO_Mode,GPIO_Speed" />
        <add key="Mcu.IPNb" value="5" />
        <add key="Mcu.IP0" value="I2C1" />
        <add key="Mcu.IP1" value="SPI1" />
        <add key="Mcu.IP2" value="SYS" />
        <add key="Mcu.IP3" value="USART1" />
        <add key="Mcu.IP4" value="USART3" />
        <add key="KeepUserPlacement" value="True" />
    </appSettings>
</configuration>